// !$*UTF8*$!
{
	archiveVersion = 1;
	classes = {
	};
	objectVersion = 46;
	objects = {

/* Begin PBXBuildFile section */
		590C858013F74D8800FA7B61 /* UIKit.framework in Frameworks */ = {isa = PBXBuildFile; fileRef = 590C857F13F74D8800FA7B61 /* UIKit.framework */; };
		590C858213F74D8800FA7B61 /* Foundation.framework in Frameworks */ = {isa = PBXBuildFile; fileRef = 590C858113F74D8800FA7B61 /* Foundation.framework */; };
		590C858A13F74D8800FA7B61 /* InfoPlist.strings in Resources */ = {isa = PBXBuildFile; fileRef = 590C858813F74D8800FA7B61 /* InfoPlist.strings */; };
		590C858D13F74D8800FA7B61 /* main.m in Sources */ = {isa = PBXBuildFile; fileRef = 590C858C13F74D8800FA7B61 /* main.m */; };
		590C859013F74D8800FA7B61 /* OnlineDealsAppDelegate.m in Sources */ = {isa = PBXBuildFile; fileRef = 590C858F13F74D8800FA7B61 /* OnlineDealsAppDelegate.m */; };
		590C859313F74D8800FA7B61 /* MainWindow.xib in Resources */ = {isa = PBXBuildFile; fileRef = 590C859113F74D8800FA7B61 /* MainWindow.xib */; };
		590C859613F74D8800FA7B61 /* RootViewController.m in Sources */ = {isa = PBXBuildFile; fileRef = 590C859513F74D8800FA7B61 /* RootViewController.m */; };
		590C859913F74D8800FA7B61 /* RootViewController.xib in Resources */ = {isa = PBXBuildFile; fileRef = 590C859713F74D8800FA7B61 /* RootViewController.xib */; };
		590C85A013F74D8900FA7B61 /* UIKit.framework in Frameworks */ = {isa = PBXBuildFile; fileRef = 590C857F13F74D8800FA7B61 /* UIKit.framework */; };
		590C85A113F74D8900FA7B61 /* Foundation.framework in Frameworks */ = {isa = PBXBuildFile; fileRef = 590C858113F74D8800FA7B61 /* Foundation.framework */; };
		590C85AA13F74D8900FA7B61 /* InfoPlist.strings in Resources */ = {isa = PBXBuildFile; fileRef = 590C85A813F74D8900FA7B61 /* InfoPlist.strings */; };
		590C85AD13F74D8900FA7B61 /* OnlineDealsTests.h in Resources */ = {isa = PBXBuildFile; fileRef = 590C85AC13F74D8900FA7B61 /* OnlineDealsTests.h */; };
		590C85AF13F74D8900FA7B61 /* OnlineDealsTests.m in Sources */ = {isa = PBXBuildFile; fileRef = 590C85AE13F74D8900FA7B61 /* OnlineDealsTests.m */; };
		590C85C413F7663400FA7B61 /* RSSEntry.m in Sources */ = {isa = PBXBuildFile; fileRef = 590C85C313F7663400FA7B61 /* RSSEntry.m */; };
		590C85E013F777EB00FA7B61 /* ASIAuthenticationDialog.m in Sources */ = {isa = PBXBuildFile; fileRef = 590C85CB13F777EB00FA7B61 /* ASIAuthenticationDialog.m */; };
		590C85E113F777EB00FA7B61 /* ASIDataCompressor.m in Sources */ = {isa = PBXBuildFile; fileRef = 590C85CE13F777EB00FA7B61 /* ASIDataCompressor.m */; };
		590C85E213F777EB00FA7B61 /* ASIDataDecompressor.m in Sources */ = {isa = PBXBuildFile; fileRef = 590C85D013F777EB00FA7B61 /* ASIDataDecompressor.m */; };
		590C85E313F777EB00FA7B61 /* ASIDownloadCache.m in Sources */ = {isa = PBXBuildFile; fileRef = 590C85D213F777EB00FA7B61 /* ASIDownloadCache.m */; };
		590C85E413F777EB00FA7B61 /* ASIFormDataRequest.m in Sources */ = {isa = PBXBuildFile; fileRef = 590C85D413F777EB00FA7B61 /* ASIFormDataRequest.m */; };
		590C85E513F777EB00FA7B61 /* ASIHTTPRequest.m in Sources */ = {isa = PBXBuildFile; fileRef = 590C85D613F777EB00FA7B61 /* ASIHTTPRequest.m */; };
		590C85E613F777EB00FA7B61 /* ASIInputStream.m in Sources */ = {isa = PBXBuildFile; fileRef = 590C85DA13F777EB00FA7B61 /* ASIInputStream.m */; };
		590C85E713F777EB00FA7B61 /* ASINetworkQueue.m in Sources */ = {isa = PBXBuildFile; fileRef = 590C85DC13F777EB00FA7B61 /* ASINetworkQueue.m */; };
		590C85E813F777EB00FA7B61 /* Reachability.m in Sources */ = {isa = PBXBuildFile; fileRef = 590C85DF13F777EB00FA7B61 /* Reachability.m */; };
		595D27B413F78AD200D4C5EB /* CFNetwork.framework in Frameworks */ = {isa = PBXBuildFile; fileRef = 595D27B313F78AD200D4C5EB /* CFNetwork.framework */; };
		595D27B713F78C1300D4C5EB /* SystemConfiguration.framework in Frameworks */ = {isa = PBXBuildFile; fileRef = 595D27B613F78C1300D4C5EB /* SystemConfiguration.framework */; };
		595D27B913F78C2500D4C5EB /* MobileCoreServices.framework in Frameworks */ = {isa = PBXBuildFile; fileRef = 595D27B813F78C2500D4C5EB /* MobileCoreServices.framework */; };
		595D27BC13F78C4900D4C5EB /* libz.1.2.3.dylib in Frameworks */ = {isa = PBXBuildFile; fileRef = 595D27BB13F78C4900D4C5EB /* libz.1.2.3.dylib */; };
		595D27C013F78D4000D4C5EB /* Online-Deals_03.png in Resources */ = {isa = PBXBuildFile; fileRef = 595D27BE13F78D4000D4C5EB /* Online-Deals_03.png */; };
		595D27C113F78D4000D4C5EB /* Online-Deals_06.png in Resources */ = {isa = PBXBuildFile; fileRef = 595D27BF13F78D4000D4C5EB /* Online-Deals_06.png */; };
		595D27C513F78D8900D4C5EB /* CoreGraphics.framework in Frameworks */ = {isa = PBXBuildFile; fileRef = 595D27C413F78D8900D4C5EB /* CoreGraphics.framework */; };
		595D27C913F7AF2500D4C5EB /* GDataXMLNode.m in Sources */ = {isa = PBXBuildFile; fileRef = 595D27C813F7AF2500D4C5EB /* GDataXMLNode.m */; };
		595D27CF13F7B3A000D4C5EB /* GDataXMLElement+Extras.m in Sources */ = {isa = PBXBuildFile; fileRef = 595D27CE13F7B3A000D4C5EB /* GDataXMLElement+Extras.m */; };
		595D27D213F7BEFE00D4C5EB /* NSDate+InternetDateTime.m in Sources */ = {isa = PBXBuildFile; fileRef = 595D27D113F7BEFE00D4C5EB /* NSDate+InternetDateTime.m */; };
		595D27D513F7BFC100D4C5EB /* NSArray+Extras.m in Sources */ = {isa = PBXBuildFile; fileRef = 595D27D413F7BFC100D4C5EB /* NSArray+Extras.m */; };
		595D27D913F7C27200D4C5EB /* WebViewController.m in Sources */ = {isa = PBXBuildFile; fileRef = 595D27D713F7C27200D4C5EB /* WebViewController.m */; };
		595D27DA13F7C27200D4C5EB /* WebViewController.xib in Resources */ = {isa = PBXBuildFile; fileRef = 595D27D813F7C27200D4C5EB /* WebViewController.xib */; };
		595D27DE13F8947C00D4C5EB /* SearchViewController.m in Sources */ = {isa = PBXBuildFile; fileRef = 595D27DC13F8947B00D4C5EB /* SearchViewController.m */; };
		595D27DF13F8947C00D4C5EB /* SearchViewController.xib in Resources */ = {isa = PBXBuildFile; fileRef = 595D27DD13F8947C00D4C5EB /* SearchViewController.xib */; };
/* End PBXBuildFile section */

/* Begin PBXContainerItemProxy section */
		590C85A313F74D8900FA7B61 /* PBXContainerItemProxy */ = {
			isa = PBXContainerItemProxy;
			containerPortal = 590C857213F74D8800FA7B61 /* Project object */;
			proxyType = 1;
			remoteGlobalIDString = 590C857A13F74D8800FA7B61;
			remoteInfo = OnlineDeals;
		};
/* End PBXContainerItemProxy section */

/* Begin PBXFileReference section */
		590C857B13F74D8800FA7B61 /* OnlineDeals.app */ = {isa = PBXFileReference; explicitFileType = wrapper.application; includeInIndex = 0; path = OnlineDeals.app; sourceTree = BUILT_PRODUCTS_DIR; };
		590C857F13F74D8800FA7B61 /* UIKit.framework */ = {isa = PBXFileReference; lastKnownFileType = wrapper.framework; name = UIKit.framework; path = System/Library/Frameworks/UIKit.framework; sourceTree = SDKROOT; };
		590C858113F74D8800FA7B61 /* Foundation.framework */ = {isa = PBXFileReference; lastKnownFileType = wrapper.framework; name = Foundation.framework; path = System/Library/Frameworks/Foundation.framework; sourceTree = SDKROOT; };
		590C858713F74D8800FA7B61 /* OnlineDeals-Info.plist */ = {isa = PBXFileReference; lastKnownFileType = text.plist.xml; path = "OnlineDeals-Info.plist"; sourceTree = "<group>"; };
		590C858913F74D8800FA7B61 /* en */ = {isa = PBXFileReference; lastKnownFileType = text.plist.strings; name = en; path = en.lproj/InfoPlist.strings; sourceTree = "<group>"; };
		590C858B13F74D8800FA7B61 /* OnlineDeals-Prefix.pch */ = {isa = PBXFileReference; lastKnownFileType = sourcecode.c.h; path = "OnlineDeals-Prefix.pch"; sourceTree = "<group>"; };
		590C858C13F74D8800FA7B61 /* main.m */ = {isa = PBXFileReference; lastKnownFileType = sourcecode.c.objc; path = main.m; sourceTree = "<group>"; };
		590C858E13F74D8800FA7B61 /* OnlineDealsAppDelegate.h */ = {isa = PBXFileReference; lastKnownFileType = sourcecode.c.h; path = OnlineDealsAppDelegate.h; sourceTree = "<group>"; };
		590C858F13F74D8800FA7B61 /* OnlineDealsAppDelegate.m */ = {isa = PBXFileReference; lastKnownFileType = sourcecode.c.objc; path = OnlineDealsAppDelegate.m; sourceTree = "<group>"; };
		590C859213F74D8800FA7B61 /* en */ = {isa = PBXFileReference; lastKnownFileType = file.xib; name = en; path = en.lproj/MainWindow.xib; sourceTree = "<group>"; };
		590C859413F74D8800FA7B61 /* RootViewController.h */ = {isa = PBXFileReference; lastKnownFileType = sourcecode.c.h; path = RootViewController.h; sourceTree = "<group>"; };
		590C859513F74D8800FA7B61 /* RootViewController.m */ = {isa = PBXFileReference; lastKnownFileType = sourcecode.c.objc; path = RootViewController.m; sourceTree = "<group>"; };
		590C859813F74D8800FA7B61 /* en */ = {isa = PBXFileReference; lastKnownFileType = file.xib; name = en; path = en.lproj/RootViewController.xib; sourceTree = "<group>"; };
		590C859F13F74D8900FA7B61 /* OnlineDealsTests.octest */ = {isa = PBXFileReference; explicitFileType = wrapper.cfbundle; includeInIndex = 0; path = OnlineDealsTests.octest; sourceTree = BUILT_PRODUCTS_DIR; };
		590C85A713F74D8900FA7B61 /* OnlineDealsTests-Info.plist */ = {isa = PBXFileReference; lastKnownFileType = text.plist.xml; path = "OnlineDealsTests-Info.plist"; sourceTree = "<group>"; };
		590C85A913F74D8900FA7B61 /* en */ = {isa = PBXFileReference; lastKnownFileType = text.plist.strings; name = en; path = en.lproj/InfoPlist.strings; sourceTree = "<group>"; };
		590C85AB13F74D8900FA7B61 /* OnlineDealsTests-Prefix.pch */ = {isa = PBXFileReference; lastKnownFileType = sourcecode.c.h; path = "OnlineDealsTests-Prefix.pch"; sourceTree = "<group>"; };
		590C85AC13F74D8900FA7B61 /* OnlineDealsTests.h */ = {isa = PBXFileReference; lastKnownFileType = sourcecode.c.h; path = OnlineDealsTests.h; sourceTree = "<group>"; };
		590C85AE13F74D8900FA7B61 /* OnlineDealsTests.m */ = {isa = PBXFileReference; lastKnownFileType = sourcecode.c.objc; path = OnlineDealsTests.m; sourceTree = "<group>"; };
		590C85C213F7663400FA7B61 /* RSSEntry.h */ = {isa = PBXFileReference; fileEncoding = 4; lastKnownFileType = sourcecode.c.h; path = RSSEntry.h; sourceTree = "<group>"; };
		590C85C313F7663400FA7B61 /* RSSEntry.m */ = {isa = PBXFileReference; fileEncoding = 4; lastKnownFileType = sourcecode.c.objc; path = RSSEntry.m; sourceTree = "<group>"; };
		590C85CA13F777EB00FA7B61 /* ASIAuthenticationDialog.h */ = {isa = PBXFileReference; fileEncoding = 4; lastKnownFileType = sourcecode.c.h; path = ASIAuthenticationDialog.h; sourceTree = "<group>"; };
		590C85CB13F777EB00FA7B61 /* ASIAuthenticationDialog.m */ = {isa = PBXFileReference; fileEncoding = 4; lastKnownFileType = sourcecode.c.objc; path = ASIAuthenticationDialog.m; sourceTree = "<group>"; };
		590C85CC13F777EB00FA7B61 /* ASICacheDelegate.h */ = {isa = PBXFileReference; fileEncoding = 4; lastKnownFileType = sourcecode.c.h; path = ASICacheDelegate.h; sourceTree = "<group>"; };
		590C85CD13F777EB00FA7B61 /* ASIDataCompressor.h */ = {isa = PBXFileReference; fileEncoding = 4; lastKnownFileType = sourcecode.c.h; path = ASIDataCompressor.h; sourceTree = "<group>"; };
		590C85CE13F777EB00FA7B61 /* ASIDataCompressor.m */ = {isa = PBXFileReference; fileEncoding = 4; lastKnownFileType = sourcecode.c.objc; path = ASIDataCompressor.m; sourceTree = "<group>"; };
		590C85CF13F777EB00FA7B61 /* ASIDataDecompressor.h */ = {isa = PBXFileReference; fileEncoding = 4; lastKnownFileType = sourcecode.c.h; path = ASIDataDecompressor.h; sourceTree = "<group>"; };
		590C85D013F777EB00FA7B61 /* ASIDataDecompressor.m */ = {isa = PBXFileReference; fileEncoding = 4; lastKnownFileType = sourcecode.c.objc; path = ASIDataDecompressor.m; sourceTree = "<group>"; };
		590C85D113F777EB00FA7B61 /* ASIDownloadCache.h */ = {isa = PBXFileReference; fileEncoding = 4; lastKnownFileType = sourcecode.c.h; path = ASIDownloadCache.h; sourceTree = "<group>"; };
		590C85D213F777EB00FA7B61 /* ASIDownloadCache.m */ = {isa = PBXFileReference; fileEncoding = 4; lastKnownFileType = sourcecode.c.objc; path = ASIDownloadCache.m; sourceTree = "<group>"; };
		590C85D313F777EB00FA7B61 /* ASIFormDataRequest.h */ = {isa = PBXFileReference; fileEncoding = 4; lastKnownFileType = sourcecode.c.h; path = ASIFormDataRequest.h; sourceTree = "<group>"; };
		590C85D413F777EB00FA7B61 /* ASIFormDataRequest.m */ = {isa = PBXFileReference; fileEncoding = 4; lastKnownFileType = sourcecode.c.objc; path = ASIFormDataRequest.m; sourceTree = "<group>"; };
		590C85D513F777EB00FA7B61 /* ASIHTTPRequest.h */ = {isa = PBXFileReference; fileEncoding = 4; lastKnownFileType = sourcecode.c.h; path = ASIHTTPRequest.h; sourceTree = "<group>"; };
		590C85D613F777EB00FA7B61 /* ASIHTTPRequest.m */ = {isa = PBXFileReference; fileEncoding = 4; lastKnownFileType = sourcecode.c.objc; path = ASIHTTPRequest.m; sourceTree = "<group>"; };
		590C85D713F777EB00FA7B61 /* ASIHTTPRequestConfig.h */ = {isa = PBXFileReference; fileEncoding = 4; lastKnownFileType = sourcecode.c.h; path = ASIHTTPRequestConfig.h; sourceTree = "<group>"; };
		590C85D813F777EB00FA7B61 /* ASIHTTPRequestDelegate.h */ = {isa = PBXFileReference; fileEncoding = 4; lastKnownFileType = sourcecode.c.h; path = ASIHTTPRequestDelegate.h; sourceTree = "<group>"; };
		590C85D913F777EB00FA7B61 /* ASIInputStream.h */ = {isa = PBXFileReference; fileEncoding = 4; lastKnownFileType = sourcecode.c.h; path = ASIInputStream.h; sourceTree = "<group>"; };
		590C85DA13F777EB00FA7B61 /* ASIInputStream.m */ = {isa = PBXFileReference; fileEncoding = 4; lastKnownFileType = sourcecode.c.objc; path = ASIInputStream.m; sourceTree = "<group>"; };
		590C85DB13F777EB00FA7B61 /* ASINetworkQueue.h */ = {isa = PBXFileReference; fileEncoding = 4; lastKnownFileType = sourcecode.c.h; path = ASINetworkQueue.h; sourceTree = "<group>"; };
		590C85DC13F777EB00FA7B61 /* ASINetworkQueue.m */ = {isa = PBXFileReference; fileEncoding = 4; lastKnownFileType = sourcecode.c.objc; path = ASINetworkQueue.m; sourceTree = "<group>"; };
		590C85DD13F777EB00FA7B61 /* ASIProgressDelegate.h */ = {isa = PBXFileReference; fileEncoding = 4; lastKnownFileType = sourcecode.c.h; path = ASIProgressDelegate.h; sourceTree = "<group>"; };
		590C85DE13F777EB00FA7B61 /* Reachability.h */ = {isa = PBXFileReference; fileEncoding = 4; lastKnownFileType = sourcecode.c.h; path = Reachability.h; sourceTree = "<group>"; };
		590C85DF13F777EB00FA7B61 /* Reachability.m */ = {isa = PBXFileReference; fileEncoding = 4; lastKnownFileType = sourcecode.c.objc; path = Reachability.m; sourceTree = "<group>"; };
		595D27B313F78AD200D4C5EB /* CFNetwork.framework */ = {isa = PBXFileReference; lastKnownFileType = wrapper.framework; name = CFNetwork.framework; path = System/Library/Frameworks/CFNetwork.framework; sourceTree = SDKROOT; };
		595D27B613F78C1300D4C5EB /* SystemConfiguration.framework */ = {isa = PBXFileReference; lastKnownFileType = wrapper.framework; name = SystemConfiguration.framework; path = System/Library/Frameworks/SystemConfiguration.framework; sourceTree = SDKROOT; };
		595D27B813F78C2500D4C5EB /* MobileCoreServices.framework */ = {isa = PBXFileReference; lastKnownFileType = wrapper.framework; name = MobileCoreServices.framework; path = System/Library/Frameworks/MobileCoreServices.framework; sourceTree = SDKROOT; };
		595D27BB13F78C4900D4C5EB /* libz.1.2.3.dylib */ = {isa = PBXFileReference; lastKnownFileType = "compiled.mach-o.dylib"; name = libz.1.2.3.dylib; path = usr/lib/libz.1.2.3.dylib; sourceTree = SDKROOT; };
		595D27BE13F78D4000D4C5EB /* Online-Deals_03.png */ = {isa = PBXFileReference; lastKnownFileType = image.png; name = "Online-Deals_03.png"; path = "Images/Online-Deals_03.png"; sourceTree = "<group>"; };
		595D27BF13F78D4000D4C5EB /* Online-Deals_06.png */ = {isa = PBXFileReference; lastKnownFileType = image.png; name = "Online-Deals_06.png"; path = "Images/Online-Deals_06.png"; sourceTree = "<group>"; };
		595D27C413F78D8900D4C5EB /* CoreGraphics.framework */ = {isa = PBXFileReference; lastKnownFileType = wrapper.framework; name = CoreGraphics.framework; path = System/Library/Frameworks/CoreGraphics.framework; sourceTree = SDKROOT; };
		595D27C713F7AF2500D4C5EB /* GDataXMLNode.h */ = {isa = PBXFileReference; fileEncoding = 4; lastKnownFileType = sourcecode.c.h; path = GDataXMLNode.h; sourceTree = "<group>"; };
		595D27C813F7AF2500D4C5EB /* GDataXMLNode.m */ = {isa = PBXFileReference; fileEncoding = 4; lastKnownFileType = sourcecode.c.objc; path = GDataXMLNode.m; sourceTree = "<group>"; };
		595D27CD13F7B3A000D4C5EB /* GDataXMLElement+Extras.h */ = {isa = PBXFileReference; fileEncoding = 4; lastKnownFileType = sourcecode.c.h; path = "GDataXMLElement+Extras.h"; sourceTree = "<group>"; };
		595D27CE13F7B3A000D4C5EB /* GDataXMLElement+Extras.m */ = {isa = PBXFileReference; fileEncoding = 4; lastKnownFileType = sourcecode.c.objc; path = "GDataXMLElement+Extras.m"; sourceTree = "<group>"; };
		595D27D013F7BEFE00D4C5EB /* NSDate+InternetDateTime.h */ = {isa = PBXFileReference; fileEncoding = 4; lastKnownFileType = sourcecode.c.h; path = "NSDate+InternetDateTime.h"; sourceTree = "<group>"; };
		595D27D113F7BEFE00D4C5EB /* NSDate+InternetDateTime.m */ = {isa = PBXFileReference; fileEncoding = 4; lastKnownFileType = sourcecode.c.objc; path = "NSDate+InternetDateTime.m"; sourceTree = "<group>"; };
		595D27D313F7BFC100D4C5EB /* NSArray+Extras.h */ = {isa = PBXFileReference; fileEncoding = 4; lastKnownFileType = sourcecode.c.h; path = "NSArray+Extras.h"; sourceTree = "<group>"; };
		595D27D413F7BFC100D4C5EB /* NSArray+Extras.m */ = {isa = PBXFileReference; fileEncoding = 4; lastKnownFileType = sourcecode.c.objc; path = "NSArray+Extras.m"; sourceTree = "<group>"; };
		595D27D613F7C27200D4C5EB /* WebViewController.h */ = {isa = PBXFileReference; fileEncoding = 4; lastKnownFileType = sourcecode.c.h; path = WebViewController.h; sourceTree = "<group>"; };
		595D27D713F7C27200D4C5EB /* WebViewController.m */ = {isa = PBXFileReference; fileEncoding = 4; lastKnownFileType = sourcecode.c.objc; path = WebViewController.m; sourceTree = "<group>"; };
		595D27D813F7C27200D4C5EB /* WebViewController.xib */ = {isa = PBXFileReference; fileEncoding = 4; lastKnownFileType = file.xib; path = WebViewController.xib; sourceTree = "<group>"; };
		595D27DB13F8947B00D4C5EB /* SearchViewController.h */ = {isa = PBXFileReference; fileEncoding = 4; lastKnownFileType = sourcecode.c.h; path = SearchViewController.h; sourceTree = "<group>"; };
		595D27DC13F8947B00D4C5EB /* SearchViewController.m */ = {isa = PBXFileReference; fileEncoding = 4; lastKnownFileType = sourcecode.c.objc; path = SearchViewController.m; sourceTree = "<group>"; };
		595D27DD13F8947C00D4C5EB /* SearchViewController.xib */ = {isa = PBXFileReference; fileEncoding = 4; lastKnownFileType = file.xib; path = SearchViewController.xib; sourceTree = "<group>"; };
/* End PBXFileReference section */

/* Begin PBXFrameworksBuildPhase section */
		590C857813F74D8800FA7B61 /* Frameworks */ = {
			isa = PBXFrameworksBuildPhase;
			buildActionMask = 2147483647;
			files = (
				595D27C513F78D8900D4C5EB /* CoreGraphics.framework in Frameworks */,
				595D27BC13F78C4900D4C5EB /* libz.1.2.3.dylib in Frameworks */,
				595D27B913F78C2500D4C5EB /* MobileCoreServices.framework in Frameworks */,
				595D27B713F78C1300D4C5EB /* SystemConfiguration.framework in Frameworks */,
				595D27B413F78AD200D4C5EB /* CFNetwork.framework in Frameworks */,
				590C858013F74D8800FA7B61 /* UIKit.framework in Frameworks */,
				590C858213F74D8800FA7B61 /* Foundation.framework in Frameworks */,
			);
			runOnlyForDeploymentPostprocessing = 0;
		};
		590C859B13F74D8900FA7B61 /* Frameworks */ = {
			isa = PBXFrameworksBuildPhase;
			buildActionMask = 2147483647;
			files = (
				590C85A013F74D8900FA7B61 /* UIKit.framework in Frameworks */,
				590C85A113F74D8900FA7B61 /* Foundation.framework in Frameworks */,
			);
			runOnlyForDeploymentPostprocessing = 0;
		};
/* End PBXFrameworksBuildPhase section */

/* Begin PBXGroup section */
		590C857013F74D8800FA7B61 = {
			isa = PBXGroup;
			children = (
				595D27C613F7AF2500D4C5EB /* GDataXML */,
				590C85C913F777EB00FA7B61 /* ASIHTTPRequest */,
				595D27BD13F78C9300D4C5EB /* Images */,
				590C858513F74D8800FA7B61 /* OnlineDeals */,
				590C85A513F74D8900FA7B61 /* OnlineDealsTests */,
				590C857E13F74D8800FA7B61 /* Frameworks */,
				590C857C13F74D8800FA7B61 /* Products */,
			);
			sourceTree = "<group>";
		};
		590C857C13F74D8800FA7B61 /* Products */ = {
			isa = PBXGroup;
			children = (
				590C857B13F74D8800FA7B61 /* OnlineDeals.app */,
				590C859F13F74D8900FA7B61 /* OnlineDealsTests.octest */,
			);
			name = Products;
			sourceTree = "<group>";
		};
		590C857E13F74D8800FA7B61 /* Frameworks */ = {
			isa = PBXGroup;
			children = (
				595D27C413F78D8900D4C5EB /* CoreGraphics.framework */,
				595D27B813F78C2500D4C5EB /* MobileCoreServices.framework */,
				595D27B613F78C1300D4C5EB /* SystemConfiguration.framework */,
				595D27BB13F78C4900D4C5EB /* libz.1.2.3.dylib */,
				595D27B313F78AD200D4C5EB /* CFNetwork.framework */,
				590C857F13F74D8800FA7B61 /* UIKit.framework */,
				590C858113F74D8800FA7B61 /* Foundation.framework */,
			);
			name = Frameworks;
			sourceTree = "<group>";
		};
		590C858513F74D8800FA7B61 /* OnlineDeals */ = {
			isa = PBXGroup;
			children = (
				590C858613F74D8800FA7B61 /* Supporting Files */,
				595D27D013F7BEFE00D4C5EB /* NSDate+InternetDateTime.h */,
				595D27D113F7BEFE00D4C5EB /* NSDate+InternetDateTime.m */,
				590C858E13F74D8800FA7B61 /* OnlineDealsAppDelegate.h */,
				590C858F13F74D8800FA7B61 /* OnlineDealsAppDelegate.m */,
				590C859113F74D8800FA7B61 /* MainWindow.xib */,
				590C859413F74D8800FA7B61 /* RootViewController.h */,
				590C859513F74D8800FA7B61 /* RootViewController.m */,
				590C859713F74D8800FA7B61 /* RootViewController.xib */,
				590C85C213F7663400FA7B61 /* RSSEntry.h */,
				590C85C313F7663400FA7B61 /* RSSEntry.m */,
				595D27D313F7BFC100D4C5EB /* NSArray+Extras.h */,
				595D27D413F7BFC100D4C5EB /* NSArray+Extras.m */,
				595D27D613F7C27200D4C5EB /* WebViewController.h */,
				595D27D713F7C27200D4C5EB /* WebViewController.m */,
				595D27D813F7C27200D4C5EB /* WebViewController.xib */,
				595D27DB13F8947B00D4C5EB /* SearchViewController.h */,
				595D27DC13F8947B00D4C5EB /* SearchViewController.m */,
				595D27DD13F8947C00D4C5EB /* SearchViewController.xib */,
			);
			path = OnlineDeals;
			sourceTree = "<group>";
		};
		590C858613F74D8800FA7B61 /* Supporting Files */ = {
			isa = PBXGroup;
			children = (
				590C858713F74D8800FA7B61 /* OnlineDeals-Info.plist */,
				590C858813F74D8800FA7B61 /* InfoPlist.strings */,
				590C858B13F74D8800FA7B61 /* OnlineDeals-Prefix.pch */,
				590C858C13F74D8800FA7B61 /* main.m */,
			);
			name = "Supporting Files";
			sourceTree = "<group>";
		};
		590C85A513F74D8900FA7B61 /* OnlineDealsTests */ = {
			isa = PBXGroup;
			children = (
				590C85AC13F74D8900FA7B61 /* OnlineDealsTests.h */,
				590C85AE13F74D8900FA7B61 /* OnlineDealsTests.m */,
				590C85A613F74D8900FA7B61 /* Supporting Files */,
			);
			path = OnlineDealsTests;
			sourceTree = "<group>";
		};
		590C85A613F74D8900FA7B61 /* Supporting Files */ = {
			isa = PBXGroup;
			children = (
				590C85A713F74D8900FA7B61 /* OnlineDealsTests-Info.plist */,
				590C85A813F74D8900FA7B61 /* InfoPlist.strings */,
				590C85AB13F74D8900FA7B61 /* OnlineDealsTests-Prefix.pch */,
			);
			name = "Supporting Files";
			sourceTree = "<group>";
		};
		590C85C913F777EB00FA7B61 /* ASIHTTPRequest */ = {
			isa = PBXGroup;
			children = (
				590C85CA13F777EB00FA7B61 /* ASIAuthenticationDialog.h */,
				590C85CB13F777EB00FA7B61 /* ASIAuthenticationDialog.m */,
				590C85CC13F777EB00FA7B61 /* ASICacheDelegate.h */,
				590C85CD13F777EB00FA7B61 /* ASIDataCompressor.h */,
				590C85CE13F777EB00FA7B61 /* ASIDataCompressor.m */,
				590C85CF13F777EB00FA7B61 /* ASIDataDecompressor.h */,
				590C85D013F777EB00FA7B61 /* ASIDataDecompressor.m */,
				590C85D113F777EB00FA7B61 /* ASIDownloadCache.h */,
				590C85D213F777EB00FA7B61 /* ASIDownloadCache.m */,
				590C85D313F777EB00FA7B61 /* ASIFormDataRequest.h */,
				590C85D413F777EB00FA7B61 /* ASIFormDataRequest.m */,
				590C85D513F777EB00FA7B61 /* ASIHTTPRequest.h */,
				590C85D613F777EB00FA7B61 /* ASIHTTPRequest.m */,
				590C85D713F777EB00FA7B61 /* ASIHTTPRequestConfig.h */,
				590C85D813F777EB00FA7B61 /* ASIHTTPRequestDelegate.h */,
				590C85D913F777EB00FA7B61 /* ASIInputStream.h */,
				590C85DA13F777EB00FA7B61 /* ASIInputStream.m */,
				590C85DB13F777EB00FA7B61 /* ASINetworkQueue.h */,
				590C85DC13F777EB00FA7B61 /* ASINetworkQueue.m */,
				590C85DD13F777EB00FA7B61 /* ASIProgressDelegate.h */,
				590C85DE13F777EB00FA7B61 /* Reachability.h */,
				590C85DF13F777EB00FA7B61 /* Reachability.m */,
			);
			path = ASIHTTPRequest;
			sourceTree = "<group>";
		};
		595D27BD13F78C9300D4C5EB /* Images */ = {
			isa = PBXGroup;
			children = (
				595D27BE13F78D4000D4C5EB /* Online-Deals_03.png */,
				595D27BF13F78D4000D4C5EB /* Online-Deals_06.png */,
			);
			name = Images;
			sourceTree = "<group>";
		};
		595D27C613F7AF2500D4C5EB /* GDataXML */ = {
			isa = PBXGroup;
			children = (
				595D27C713F7AF2500D4C5EB /* GDataXMLNode.h */,
				595D27C813F7AF2500D4C5EB /* GDataXMLNode.m */,
				595D27CD13F7B3A000D4C5EB /* GDataXMLElement+Extras.h */,
				595D27CE13F7B3A000D4C5EB /* GDataXMLElement+Extras.m */,
			);
			path = GDataXML;
			sourceTree = "<group>";
		};
/* End PBXGroup section */

/* Begin PBXNativeTarget section */
		590C857A13F74D8800FA7B61 /* OnlineDeals */ = {
			isa = PBXNativeTarget;
			buildConfigurationList = 590C85B213F74D8900FA7B61 /* Build configuration list for PBXNativeTarget "OnlineDeals" */;
			buildPhases = (
				590C857713F74D8800FA7B61 /* Sources */,
				590C857813F74D8800FA7B61 /* Frameworks */,
				590C857913F74D8800FA7B61 /* Resources */,
			);
			buildRules = (
			);
			dependencies = (
			);
			name = OnlineDeals;
			productName = OnlineDeals;
			productReference = 590C857B13F74D8800FA7B61 /* OnlineDeals.app */;
			productType = "com.apple.product-type.application";
		};
		590C859E13F74D8900FA7B61 /* OnlineDealsTests */ = {
			isa = PBXNativeTarget;
			buildConfigurationList = 590C85B513F74D8900FA7B61 /* Build configuration list for PBXNativeTarget "OnlineDealsTests" */;
			buildPhases = (
				590C859A13F74D8900FA7B61 /* Sources */,
				590C859B13F74D8900FA7B61 /* Frameworks */,
				590C859C13F74D8900FA7B61 /* Resources */,
				590C859D13F74D8900FA7B61 /* ShellScript */,
			);
			buildRules = (
			);
			dependencies = (
				590C85A413F74D8900FA7B61 /* PBXTargetDependency */,
			);
			name = OnlineDealsTests;
			productName = OnlineDealsTests;
			productReference = 590C859F13F74D8900FA7B61 /* OnlineDealsTests.octest */;
			productType = "com.apple.product-type.bundle";
		};
/* End PBXNativeTarget section */

/* Begin PBXProject section */
		590C857213F74D8800FA7B61 /* Project object */ = {
			isa = PBXProject;
			buildConfigurationList = 590C857513F74D8800FA7B61 /* Build configuration list for PBXProject "OnlineDeals" */;
			compatibilityVersion = "Xcode 3.2";
			developmentRegion = English;
			hasScannedForEncodings = 0;
			knownRegions = (
				en,
			);
			mainGroup = 590C857013F74D8800FA7B61;
			productRefGroup = 590C857C13F74D8800FA7B61 /* Products */;
			projectDirPath = "";
			projectRoot = "";
			targets = (
				590C857A13F74D8800FA7B61 /* OnlineDeals */,
				590C859E13F74D8900FA7B61 /* OnlineDealsTests */,
			);
		};
/* End PBXProject section */

/* Begin PBXResourcesBuildPhase section */
		590C857913F74D8800FA7B61 /* Resources */ = {
			isa = PBXResourcesBuildPhase;
			buildActionMask = 2147483647;
			files = (
				590C858A13F74D8800FA7B61 /* InfoPlist.strings in Resources */,
				590C859313F74D8800FA7B61 /* MainWindow.xib in Resources */,
				590C859913F74D8800FA7B61 /* RootViewController.xib in Resources */,
				595D27C013F78D4000D4C5EB /* Online-Deals_03.png in Resources */,
				595D27C113F78D4000D4C5EB /* Online-Deals_06.png in Resources */,
				595D27DA13F7C27200D4C5EB /* WebViewController.xib in Resources */,
				595D27DF13F8947C00D4C5EB /* SearchViewController.xib in Resources */,
			);
			runOnlyForDeploymentPostprocessing = 0;
		};
		590C859C13F74D8900FA7B61 /* Resources */ = {
			isa = PBXResourcesBuildPhase;
			buildActionMask = 2147483647;
			files = (
				590C85AA13F74D8900FA7B61 /* InfoPlist.strings in Resources */,
				590C85AD13F74D8900FA7B61 /* OnlineDealsTests.h in Resources */,
			);
			runOnlyForDeploymentPostprocessing = 0;
		};
/* End PBXResourcesBuildPhase section */

/* Begin PBXShellScriptBuildPhase section */
		590C859D13F74D8900FA7B61 /* ShellScript */ = {
			isa = PBXShellScriptBuildPhase;
			buildActionMask = 2147483647;
			files = (
			);
			inputPaths = (
			);
			outputPaths = (
			);
			runOnlyForDeploymentPostprocessing = 0;
			shellPath = /bin/sh;
			shellScript = "# Run the unit tests in this test bundle.\n\"${SYSTEM_DEVELOPER_DIR}/Tools/RunUnitTests\"\n";
		};
/* End PBXShellScriptBuildPhase section */

/* Begin PBXSourcesBuildPhase section */
		590C857713F74D8800FA7B61 /* Sources */ = {
			isa = PBXSourcesBuildPhase;
			buildActionMask = 2147483647;
			files = (
				590C858D13F74D8800FA7B61 /* main.m in Sources */,
				590C859013F74D8800FA7B61 /* OnlineDealsAppDelegate.m in Sources */,
				590C859613F74D8800FA7B61 /* RootViewController.m in Sources */,
				590C85C413F7663400FA7B61 /* RSSEntry.m in Sources */,
				590C85E013F777EB00FA7B61 /* ASIAuthenticationDialog.m in Sources */,
				590C85E113F777EB00FA7B61 /* ASIDataCompressor.m in Sources */,
				590C85E213F777EB00FA7B61 /* ASIDataDecompressor.m in Sources */,
				590C85E313F777EB00FA7B61 /* ASIDownloadCache.m in Sources */,
				590C85E413F777EB00FA7B61 /* ASIFormDataRequest.m in Sources */,
				590C85E513F777EB00FA7B61 /* ASIHTTPRequest.m in Sources */,
				590C85E613F777EB00FA7B61 /* ASIInputStream.m in Sources */,
				590C85E713F777EB00FA7B61 /* ASINetworkQueue.m in Sources */,
				590C85E813F777EB00FA7B61 /* Reachability.m in Sources */,
				595D27C913F7AF2500D4C5EB /* GDataXMLNode.m in Sources */,
				595D27CF13F7B3A000D4C5EB /* GDataXMLElement+Extras.m in Sources */,
				595D27D213F7BEFE00D4C5EB /* NSDate+InternetDateTime.m in Sources */,
				595D27D513F7BFC100D4C5EB /* NSArray+Extras.m in Sources */,
				595D27D913F7C27200D4C5EB /* WebViewController.m in Sources */,
				595D27DE13F8947C00D4C5EB /* SearchViewController.m in Sources */,
			);
			runOnlyForDeploymentPostprocessing = 0;
		};
		590C859A13F74D8900FA7B61 /* Sources */ = {
			isa = PBXSourcesBuildPhase;
			buildActionMask = 2147483647;
			files = (
				590C85AF13F74D8900FA7B61 /* OnlineDealsTests.m in Sources */,
			);
			runOnlyForDeploymentPostprocessing = 0;
		};
/* End PBXSourcesBuildPhase section */

/* Begin PBXTargetDependency section */
		590C85A413F74D8900FA7B61 /* PBXTargetDependency */ = {
			isa = PBXTargetDependency;
			target = 590C857A13F74D8800FA7B61 /* OnlineDeals */;
			targetProxy = 590C85A313F74D8900FA7B61 /* PBXContainerItemProxy */;
		};
/* End PBXTargetDependency section */

/* Begin PBXVariantGroup section */
		590C858813F74D8800FA7B61 /* InfoPlist.strings */ = {
			isa = PBXVariantGroup;
			children = (
				590C858913F74D8800FA7B61 /* en */,
			);
			name = InfoPlist.strings;
			sourceTree = "<group>";
		};
		590C859113F74D8800FA7B61 /* MainWindow.xib */ = {
			isa = PBXVariantGroup;
			children = (
				590C859213F74D8800FA7B61 /* en */,
			);
			name = MainWindow.xib;
			sourceTree = "<group>";
		};
		590C859713F74D8800FA7B61 /* RootViewController.xib */ = {
			isa = PBXVariantGroup;
			children = (
				590C859813F74D8800FA7B61 /* en */,
			);
			name = RootViewController.xib;
			sourceTree = "<group>";
		};
		590C85A813F74D8900FA7B61 /* InfoPlist.strings */ = {
			isa = PBXVariantGroup;
			children = (
				590C85A913F74D8900FA7B61 /* en */,
			);
			name = InfoPlist.strings;
			sourceTree = "<group>";
		};
/* End PBXVariantGroup section */

/* Begin XCBuildConfiguration section */
		590C85B013F74D8900FA7B61 /* Debug */ = {
			isa = XCBuildConfiguration;
			buildSettings = {
				ARCHS = "$(ARCHS_STANDARD_32_BIT)";
				"CODE_SIGN_IDENTITY[sdk=iphoneos*]" = "iPhone Developer";
				GCC_C_LANGUAGE_STANDARD = gnu99;
				GCC_OPTIMIZATION_LEVEL = 0;
				GCC_PREPROCESSOR_DEFINITIONS = DEBUG;
				GCC_SYMBOLS_PRIVATE_EXTERN = NO;
				GCC_VERSION = com.apple.compilers.llvmgcc42;
				GCC_WARN_ABOUT_RETURN_TYPE = YES;
				GCC_WARN_UNUSED_VARIABLE = YES;
				HEADER_SEARCH_PATHS = /usr/include/libxml2;
				IPHONEOS_DEPLOYMENT_TARGET = 4.3;
				OTHER_LDFLAGS = "-lxml2";
				SDKROOT = iphoneos;
			};
			name = Debug;
		};
		590C85B113F74D8900FA7B61 /* Release */ = {
			isa = XCBuildConfiguration;
			buildSettings = {
				ARCHS = "$(ARCHS_STANDARD_32_BIT)";
				"CODE_SIGN_IDENTITY[sdk=iphoneos*]" = "iPhone Developer";
				GCC_C_LANGUAGE_STANDARD = gnu99;
				GCC_VERSION = com.apple.compilers.llvmgcc42;
				GCC_WARN_ABOUT_RETURN_TYPE = YES;
				GCC_WARN_UNUSED_VARIABLE = YES;
				HEADER_SEARCH_PATHS = /usr/include/libxml2;
				IPHONEOS_DEPLOYMENT_TARGET = 4.3;
				OTHER_CFLAGS = "-DNS_BLOCK_ASSERTIONS=1";
				OTHER_LDFLAGS = "-lxml2";
				SDKROOT = iphoneos;
			};
			name = Release;
		};
		590C85B313F74D8900FA7B61 /* Debug */ = {
			isa = XCBuildConfiguration;
			buildSettings = {
				ALWAYS_SEARCH_USER_PATHS = NO;
				COPY_PHASE_STRIP = NO;
				GCC_DYNAMIC_NO_PIC = NO;
				GCC_PRECOMPILE_PREFIX_HEADER = YES;
				GCC_PREFIX_HEADER = "OnlineDeals/OnlineDeals-Prefix.pch";
				INFOPLIST_FILE = "OnlineDeals/OnlineDeals-Info.plist";
				PRODUCT_NAME = "$(TARGET_NAME)";
				WRAPPER_EXTENSION = app;
			};
			name = Debug;
		};
		590C85B413F74D8900FA7B61 /* Release */ = {
			isa = XCBuildConfiguration;
			buildSettings = {
				ALWAYS_SEARCH_USER_PATHS = NO;
				COPY_PHASE_STRIP = YES;
				GCC_PRECOMPILE_PREFIX_HEADER = YES;
				GCC_PREFIX_HEADER = "OnlineDeals/OnlineDeals-Prefix.pch";
				INFOPLIST_FILE = "OnlineDeals/OnlineDeals-Info.plist";
				PRODUCT_NAME = "$(TARGET_NAME)";
				VALIDATE_PRODUCT = YES;
				WRAPPER_EXTENSION = app;
			};
			name = Release;
		};
		590C85B613F74D8900FA7B61 /* Debug */ = {
			isa = XCBuildConfiguration;
			buildSettings = {
				ALWAYS_SEARCH_USER_PATHS = NO;
				BUNDLE_LOADER = "$(BUILT_PRODUCTS_DIR)/OnlineDeals.app/OnlineDeals";
				FRAMEWORK_SEARCH_PATHS = (
					"$(SDKROOT)/Developer/Library/Frameworks",
					"$(DEVELOPER_LIBRARY_DIR)/Frameworks",
				);
				GCC_PRECOMPILE_PREFIX_HEADER = YES;
				GCC_PREFIX_HEADER = "OnlineDealsTests/OnlineDealsTests-Prefix.pch";
				INFOPLIST_FILE = "OnlineDealsTests/OnlineDealsTests-Info.plist";
				OTHER_LDFLAGS = (
					"-framework",
					SenTestingKit,
				);
				PRODUCT_NAME = "$(TARGET_NAME)";
				TEST_HOST = "$(BUNDLE_LOADER)";
				WRAPPER_EXTENSION = octest;
			};
			name = Debug;
		};
		590C85B713F74D8900FA7B61 /* Release */ = {
			isa = XCBuildConfiguration;
			buildSettings = {
				ALWAYS_SEARCH_USER_PATHS = NO;
				BUNDLE_LOADER = "$(BUILT_PRODUCTS_DIR)/OnlineDeals.app/OnlineDeals";
				FRAMEWORK_SEARCH_PATHS = (
					"$(SDKROOT)/Developer/Library/Frameworks",
					"$(DEVELOPER_LIBRARY_DIR)/Frameworks",
				);
				GCC_PRECOMPILE_PREFIX_HEADER = YES;
				GCC_PREFIX_HEADER = "OnlineDealsTests/OnlineDealsTests-Prefix.pch";
				INFOPLIST_FILE = "OnlineDealsTests/OnlineDealsTests-Info.plist";
				OTHER_LDFLAGS = (
					"-framework",
					SenTestingKit,
				);
				PRODUCT_NAME = "$(TARGET_NAME)";
				TEST_HOST = "$(BUNDLE_LOADER)";
				WRAPPER_EXTENSION = octest;
			};
			name = Release;
		};
/* End XCBuildConfiguration section */

/* Begin XCConfigurationList section */
		590C857513F74D8800FA7B61 /* Build configuration list for PBXProject "OnlineDeals" */ = {
			isa = XCConfigurationList;
			buildConfigurations = (
				590C85B013F74D8900FA7B61 /* Debug */,
				590C85B113F74D8900FA7B61 /* Release */,
			);
			defaultConfigurationIsVisible = 0;
			defaultConfigurationName = Release;
		};
		590C85B213F74D8900FA7B61 /* Build configuration list for PBXNativeTarget "OnlineDeals" */ = {
			isa = XCConfigurationList;
			buildConfigurations = (
				590C85B313F74D8900FA7B61 /* Debug */,
				590C85B413F74D8900FA7B61 /* Release */,
			);
			defaultConfigurationIsVisible = 0;
			defaultConfigurationName = Release;
		};
		590C85B513F74D8900FA7B61 /* Build configuration list for PBXNativeTarget "OnlineDealsTests" */ = {
			isa = XCConfigurationList;
			buildConfigurations = (
				590C85B613F74D8900FA7B61 /* Debug */,
				590C85B713F74D8900FA7B61 /* Release */,
			);
			defaultConfigurationIsVisible = 0;
			defaultConfigurationName = Release;
		};
/* End XCConfigurationList section */
	};
	rootObject = 590C857213F74D8800FA7B61 /* Project object */;
}
